
Microsoft Visual Studio Solution File, Format Version 12.00
# Visual Studio Version 17
VisualStudioVersion = 17.3.32825.248
MinimumVisualStudioVersion = 10.0.40219.1
Project("{FAE04EC0-301F-11D3-BF4B-00C04F79EFBC}") = "20220913", "20220913\20220913.csproj", "{99D31C3D-F8D0-4E3D-9199-A6D330938AE9}"
EndProject
Global
	GlobalSection(SolutionConfigurationPlatforms) = preSolution
		Debug|Any CPU = Debug|Any CPU
		Release|Any CPU = Release|Any CPU
	EndGlobalSection
	GlobalSection(ProjectConfigurationPlatforms) = postSolution
		{99D31C3D-F8D0-4E3D-9199-A6D330938AE9}.Debug|Any CPU.ActiveCfg = Debug|Any CPU
		{99D31C3D-F8D0-4E3D-9199-A6D330938AE9}.Debug|Any CPU.Build.0 = Debug|Any CPU
		{99D31C3D-F8D0-4E3D-9199-A6D330938AE9}.Release|Any CPU.ActiveCfg = Release|Any CPU
		{99D31C3D-F8D0-4E3D-9199-A6D330938AE9}.Release|Any CPU.Build.0 = Release|Any CPU
	EndGlobalSection
	GlobalSection(SolutionProperties) = preSolution
		HideSolutionNode = FALSE
	EndGlobalSection
	GlobalSection(ExtensibilityGlobals) = postSolution
		SolutionGuid = {40FB667A-17F0-4D24-8E1A-002CBB816AC5}
	EndGlobalSection
EndGlobal
