
Microsoft Visual Studio Solution File, Format Version 12.00
# Visual Studio Version 17
VisualStudioVersion = 17.3.32825.248
MinimumVisualStudioVersion = 10.0.40219.1
Project("{FAE04EC0-301F-11D3-BF4B-00C04F79EFBC}") = "Hazi_GetSet", "Hazi_GetSet\Hazi_GetSet.csproj", "{DC553630-2791-42F7-92A2-1F11C97FC017}"
EndProject
Global
	GlobalSection(SolutionConfigurationPlatforms) = preSolution
		Debug|Any CPU = Debug|Any CPU
		Release|Any CPU = Release|Any CPU
	EndGlobalSection
	GlobalSection(ProjectConfigurationPlatforms) = postSolution
		{DC553630-2791-42F7-92A2-1F11C97FC017}.Debug|Any CPU.ActiveCfg = Debug|Any CPU
		{DC553630-2791-42F7-92A2-1F11C97FC017}.Debug|Any CPU.Build.0 = Debug|Any CPU
		{DC553630-2791-42F7-92A2-1F11C97FC017}.Release|Any CPU.ActiveCfg = Release|Any CPU
		{DC553630-2791-42F7-92A2-1F11C97FC017}.Release|Any CPU.Build.0 = Release|Any CPU
	EndGlobalSection
	GlobalSection(SolutionProperties) = preSolution
		HideSolutionNode = FALSE
	EndGlobalSection
	GlobalSection(ExtensibilityGlobals) = postSolution
		SolutionGuid = {29F1BA06-5EEA-4A70-BBD1-CB2A9FAFF1CD}
	EndGlobalSection
EndGlobal
