
Microsoft Visual Studio Solution File, Format Version 12.00
# Visual Studio Version 17
VisualStudioVersion = 17.3.32825.248
MinimumVisualStudioVersion = 10.0.40219.1
Project("{FAE04EC0-301F-11D3-BF4B-00C04F79EFBC}") = "20220927_fáljkezelés_könyvtar", "20220927_fáljkezelés_könyvtar\20220927_fáljkezelés_könyvtar.csproj", "{FCE1ED67-D6BE-45EA-8C4A-CA59712C039C}"
EndProject
Global
	GlobalSection(SolutionConfigurationPlatforms) = preSolution
		Debug|Any CPU = Debug|Any CPU
		Release|Any CPU = Release|Any CPU
	EndGlobalSection
	GlobalSection(ProjectConfigurationPlatforms) = postSolution
		{FCE1ED67-D6BE-45EA-8C4A-CA59712C039C}.Debug|Any CPU.ActiveCfg = Debug|Any CPU
		{FCE1ED67-D6BE-45EA-8C4A-CA59712C039C}.Debug|Any CPU.Build.0 = Debug|Any CPU
		{FCE1ED67-D6BE-45EA-8C4A-CA59712C039C}.Release|Any CPU.ActiveCfg = Release|Any CPU
		{FCE1ED67-D6BE-45EA-8C4A-CA59712C039C}.Release|Any CPU.Build.0 = Release|Any CPU
	EndGlobalSection
	GlobalSection(SolutionProperties) = preSolution
		HideSolutionNode = FALSE
	EndGlobalSection
	GlobalSection(ExtensibilityGlobals) = postSolution
		SolutionGuid = {9FBE7FD7-F9D5-4433-B937-08C14DDCC642}
	EndGlobalSection
EndGlobal
