
Microsoft Visual Studio Solution File, Format Version 12.00
# Visual Studio Version 17
VisualStudioVersion = 17.3.32825.248
MinimumVisualStudioVersion = 10.0.40219.1
Project("{FAE04EC0-301F-11D3-BF4B-00C04F79EFBC}") = "20221022_schlitt_henrik_karacsonyihuzas", "20221022_schlitt_henrik_karacsonyihuzas\20221022_schlitt_henrik_karacsonyihuzas.csproj", "{BF1D62A3-9B7F-4C2C-8044-B3840F6D9415}"
EndProject
Global
	GlobalSection(SolutionConfigurationPlatforms) = preSolution
		Debug|Any CPU = Debug|Any CPU
		Release|Any CPU = Release|Any CPU
	EndGlobalSection
	GlobalSection(ProjectConfigurationPlatforms) = postSolution
		{BF1D62A3-9B7F-4C2C-8044-B3840F6D9415}.Debug|Any CPU.ActiveCfg = Debug|Any CPU
		{BF1D62A3-9B7F-4C2C-8044-B3840F6D9415}.Debug|Any CPU.Build.0 = Debug|Any CPU
		{BF1D62A3-9B7F-4C2C-8044-B3840F6D9415}.Release|Any CPU.ActiveCfg = Release|Any CPU
		{BF1D62A3-9B7F-4C2C-8044-B3840F6D9415}.Release|Any CPU.Build.0 = Release|Any CPU
	EndGlobalSection
	GlobalSection(SolutionProperties) = preSolution
		HideSolutionNode = FALSE
	EndGlobalSection
	GlobalSection(ExtensibilityGlobals) = postSolution
		SolutionGuid = {7F8AF58A-BF64-46CB-A620-44FE6B68530A}
	EndGlobalSection
EndGlobal
