
Microsoft Visual Studio Solution File, Format Version 12.00
# Visual Studio Version 17
VisualStudioVersion = 17.3.32825.248
MinimumVisualStudioVersion = 10.0.40219.1
Project("{FAE04EC0-301F-11D3-BF4B-00C04F79EFBC}") = "20220912_2", "20220912_2\20220912_2.csproj", "{4C2A297C-2C9C-4685-A060-05CAB00AEE1D}"
EndProject
Global
	GlobalSection(SolutionConfigurationPlatforms) = preSolution
		Debug|Any CPU = Debug|Any CPU
		Release|Any CPU = Release|Any CPU
	EndGlobalSection
	GlobalSection(ProjectConfigurationPlatforms) = postSolution
		{4C2A297C-2C9C-4685-A060-05CAB00AEE1D}.Debug|Any CPU.ActiveCfg = Debug|Any CPU
		{4C2A297C-2C9C-4685-A060-05CAB00AEE1D}.Debug|Any CPU.Build.0 = Debug|Any CPU
		{4C2A297C-2C9C-4685-A060-05CAB00AEE1D}.Release|Any CPU.ActiveCfg = Release|Any CPU
		{4C2A297C-2C9C-4685-A060-05CAB00AEE1D}.Release|Any CPU.Build.0 = Release|Any CPU
	EndGlobalSection
	GlobalSection(SolutionProperties) = preSolution
		HideSolutionNode = FALSE
	EndGlobalSection
	GlobalSection(ExtensibilityGlobals) = postSolution
		SolutionGuid = {767A5877-A5E2-4F22-A182-55DC337D3262}
	EndGlobalSection
EndGlobal
