
Microsoft Visual Studio Solution File, Format Version 12.00
# Visual Studio Version 17
VisualStudioVersion = 17.3.32825.248
MinimumVisualStudioVersion = 10.0.40219.1
Project("{FAE04EC0-301F-11D3-BF4B-00C04F79EFBC}") = "20221003_varosok", "20221003_varosok\20221003_varosok.csproj", "{28BF2B21-FC53-4B7D-B417-0E757748EDDE}"
EndProject
Project("{FAE04EC0-301F-11D3-BF4B-00C04F79EFBC}") = "20221004_varosok2", "20221004_varosok2\20221004_varosok2.csproj", "{6B0445CC-602C-4648-9AEA-04D0E3843F07}"
EndProject
Global
	GlobalSection(SolutionConfigurationPlatforms) = preSolution
		Debug|Any CPU = Debug|Any CPU
		Release|Any CPU = Release|Any CPU
	EndGlobalSection
	GlobalSection(ProjectConfigurationPlatforms) = postSolution
		{28BF2B21-FC53-4B7D-B417-0E757748EDDE}.Debug|Any CPU.ActiveCfg = Debug|Any CPU
		{28BF2B21-FC53-4B7D-B417-0E757748EDDE}.Debug|Any CPU.Build.0 = Debug|Any CPU
		{28BF2B21-FC53-4B7D-B417-0E757748EDDE}.Release|Any CPU.ActiveCfg = Release|Any CPU
		{28BF2B21-FC53-4B7D-B417-0E757748EDDE}.Release|Any CPU.Build.0 = Release|Any CPU
		{6B0445CC-602C-4648-9AEA-04D0E3843F07}.Debug|Any CPU.ActiveCfg = Debug|Any CPU
		{6B0445CC-602C-4648-9AEA-04D0E3843F07}.Debug|Any CPU.Build.0 = Debug|Any CPU
		{6B0445CC-602C-4648-9AEA-04D0E3843F07}.Release|Any CPU.ActiveCfg = Release|Any CPU
		{6B0445CC-602C-4648-9AEA-04D0E3843F07}.Release|Any CPU.Build.0 = Release|Any CPU
	EndGlobalSection
	GlobalSection(SolutionProperties) = preSolution
		HideSolutionNode = FALSE
	EndGlobalSection
	GlobalSection(ExtensibilityGlobals) = postSolution
		SolutionGuid = {A4308392-0030-4EAA-8FEC-1374581B086E}
	EndGlobalSection
EndGlobal
