
Microsoft Visual Studio Solution File, Format Version 12.00
# Visual Studio Version 17
VisualStudioVersion = 17.3.32825.248
MinimumVisualStudioVersion = 10.0.40219.1
Project("{FAE04EC0-301F-11D3-BF4B-00C04F79EFBC}") = "20221108_valami", "20221108_valami\20221108_valami.csproj", "{5361D695-1F82-466D-A094-661C197A484D}"
EndProject
Global
	GlobalSection(SolutionConfigurationPlatforms) = preSolution
		Debug|Any CPU = Debug|Any CPU
		Release|Any CPU = Release|Any CPU
	EndGlobalSection
	GlobalSection(ProjectConfigurationPlatforms) = postSolution
		{5361D695-1F82-466D-A094-661C197A484D}.Debug|Any CPU.ActiveCfg = Debug|Any CPU
		{5361D695-1F82-466D-A094-661C197A484D}.Debug|Any CPU.Build.0 = Debug|Any CPU
		{5361D695-1F82-466D-A094-661C197A484D}.Release|Any CPU.ActiveCfg = Release|Any CPU
		{5361D695-1F82-466D-A094-661C197A484D}.Release|Any CPU.Build.0 = Release|Any CPU
	EndGlobalSection
	GlobalSection(SolutionProperties) = preSolution
		HideSolutionNode = FALSE
	EndGlobalSection
	GlobalSection(ExtensibilityGlobals) = postSolution
		SolutionGuid = {27E0FB5F-BE33-4B8B-B649-F6C3E998B97D}
	EndGlobalSection
EndGlobal
